PODS:
  - Alamofire (5.4.0)
  - FunctionalSwift (1.1.2)
  - MoneyAuth (1.0.1):
    - FunctionalSwift
    - YandexMoneyCoreApi
  - Realm (10.2.0):
    - Realm/Headers (= 10.2.0)
  - Realm/Headers (10.2.0)
  - RealmSwift (10.2.0):
    - Realm (= 10.2.0)
  - SDWebImage (5.10.0):
    - SDWebImage/Core (= 5.10.0)
  - SDWebImage/Core (5.10.0)
  - SVProgressHUD (2.2.5)
  - SwiftyJSON (5.0.0)
  - SwiftyXML (3.1.0)
  - When (4.0.0)
  - YandexCheckoutPayments (4.0.0):
    - FunctionalSwift (~> 1.1.0)
    - MoneyAuth (~> 1.0.1)
    - When (~> 4.0.0)
    - YandexCheckoutPaymentsApi (~> 2.1.0)
    - YandexCheckoutWalletApi (~> 2.1.0)
    - YandexMobileMetrica/Dynamic (~> 3.7.0)
    - YandexMoneyCoreApi (~> 1.8.0)
  - YandexCheckoutPaymentsApi (2.1.0):
    - FunctionalSwift (~> 1.1.0)
    - YandexMoneyCoreApi (~> 1.8.0)
  - YandexCheckoutWalletApi (2.1.0):
    - FunctionalSwift (~> 1.1.0)
    - YandexMoneyCoreApi (~> 1.8.0)
  - YandexMobileMetrica/Dynamic (3.7.1):
    - YandexMobileMetrica/Dynamic/Core (= 3.7.1)
    - YandexMobileMetrica/Dynamic/Crashes (= 3.7.1)
  - YandexMobileMetrica/Dynamic/Core (3.7.1)
  - YandexMobileMetrica/Dynamic/Crashes (3.7.1):
    - YandexMobileMetrica/Dynamic/Core
  - YandexMoneyCoreApi (1.8.1):
    - FunctionalSwift (~> 1.1.0)

DEPENDENCIES:
  - Alamofire
  - RealmSwift
  - SDWebImage
  - SVProgressHUD
  - SwiftyJSON
  - SwiftyXML
  - YandexCheckoutPayments (from `https://github.com/yandex-money/yandex-checkout-payments-swift.git`, tag `4.0.0`)

SPEC REPOS:
  https://github.com/CocoaPods/Specs.git:
    - Alamofire
    - FunctionalSwift
    - Realm
    - RealmSwift
    - SDWebImage
    - SVProgressHUD
    - SwiftyJSON
    - SwiftyXML
    - When
    - YandexCheckoutPaymentsApi
    - YandexCheckoutWalletApi
    - YandexMobileMetrica
    - YandexMoneyCoreApi
  https://github.com/yandex-money-tech/cocoa-pod-specs.git:
    - MoneyAuth

EXTERNAL SOURCES:
  YandexCheckoutPayments:
    :git: https://github.com/yandex-money/yandex-checkout-payments-swift.git
    :tag: 4.0.0

CHECKOUT OPTIONS:
  YandexCheckoutPayments:
    :git: https://github.com/yandex-money/yandex-checkout-payments-swift.git
    :tag: 4.0.0

SPEC CHECKSUMS:
  Alamofire: 3b6a534a3df22db367e4dedeeca73d1ddfcf0e2f
  FunctionalSwift: 8ac888d5c2f2c0ce6bf7d48daea1408a8bfdd864
  MoneyAuth: 787a27b425345b0e728a4dd0b1b7f0ba3b3df5f3
  Realm: d7914ebf66bb182469726f997c4c38eff286aab0
  RealmSwift: aad08b7dc8c732b7b5794286e9df83739bf834f1
  SDWebImage: 9169792e9eec3e45bba2a0c02f74bf8bd922d1ee
  SVProgressHUD: 1428aafac632c1f86f62aa4243ec12008d7a51d6
  SwiftyJSON: 36413e04c44ee145039d332b4f4e2d3e8d6c4db7
  SwiftyXML: 1ea095c1416039db95cb050f0a34559b061ede93
  When: 4ffc88d535a094ad4bd5eaf2fd187de747e716d1
  YandexCheckoutPayments: 9ec2fe366fddfcec7fca9b7a1c2d073211fdf713
  YandexCheckoutPaymentsApi: 9d0706c55c5f4695040b916826de47ab7dd5ff1f
  YandexCheckoutWalletApi: 82f24c35ce02a8fed5fda58490c422022d453591
  YandexMobileMetrica: 95e93ee5af38520c9e470533dc8df6cf72fa171d
  YandexMoneyCoreApi: e7c095c06867a8b532e3f60ce6cd43cd8c16f67d

PODFILE CHECKSUM: c020096995b98d2461bdd266db1e6f82a6b63ffe

COCOAPODS: 1.10.0
