PODS:
  - Alamofire (4.9.1)
  - ChameleonFramework/Default (2.1.0)
  - ChameleonFramework/Swift (2.1.0):
    - ChameleonFramework/Default
  - FunctionalSwift (1.1.2)
  - Realm (4.3.1):
    - Realm/Headers (= 4.3.1)
  - Realm/Headers (4.3.1)
  - RealmSwift (4.3.1):
    - Realm (= 4.3.1)
  - SDWebImage (5.5.2):
    - SDWebImage/Core (= 5.5.2)
  - SDWebImage/Core (5.5.2)
  - SVProgressHUD (2.2.5)
  - SwiftyJSON (5.0.0)
  - SwiftyXML (3.0.1)
  - When (4.0.0)
  - YandexCheckoutPayments (3.5.0):
    - FunctionalSwift (~> 1.1.0)
    - When (~> 4.0.0)
    - YandexCheckoutPaymentsApi (~> 1.8.0)
    - YandexCheckoutShowcaseApi (~> 1.2.0)
    - YandexCheckoutWalletApi (~> 1.2.0)
    - YandexLoginSDK (~> 2.0.0)
    - YandexMobileMetrica/Dynamic (~> 3.7.0)
    - YandexMoneyCoreApi (~> 1.7.0)
  - YandexCheckoutPaymentsApi (1.8.0):
    - FunctionalSwift (~> 1.1.0)
    - YandexMoneyCoreApi (~> 1.7.0)
  - YandexCheckoutShowcaseApi (1.2.0):
    - FunctionalSwift (~> 1.1.0)
    - YandexMoneyCoreApi (~> 1.7.0)
  - YandexCheckoutWalletApi (1.2.0):
    - FunctionalSwift (~> 1.1.0)
    - YandexMoneyCoreApi (~> 1.7.0)
  - YandexLoginSDK (2.0.2)
  - YandexMobileMetrica/Dynamic (3.7.1):
    - YandexMobileMetrica/Dynamic/Core (= 3.7.1)
    - YandexMobileMetrica/Dynamic/Crashes (= 3.7.1)
  - YandexMobileMetrica/Dynamic/Core (3.7.1)
  - YandexMobileMetrica/Dynamic/Crashes (3.7.1):
    - YandexMobileMetrica/Dynamic/Core
  - YandexMoneyCoreApi (1.7.0):
    - FunctionalSwift (~> 1.1.0)

DEPENDENCIES:
  - Alamofire
  - ChameleonFramework/Swift
  - RealmSwift
  - SDWebImage
  - SVProgressHUD
  - SwiftyJSON
  - SwiftyXML
  - YandexCheckoutPayments (from `https://github.com/yandex-money/yandex-checkout-payments-swift.git`, tag `3.5.0`)

SPEC REPOS:
  trunk:
    - Alamofire
    - ChameleonFramework
    - FunctionalSwift
    - Realm
    - RealmSwift
    - SDWebImage
    - SVProgressHUD
    - SwiftyJSON
    - SwiftyXML
    - When
    - YandexCheckoutPaymentsApi
    - YandexCheckoutShowcaseApi
    - YandexCheckoutWalletApi
    - YandexLoginSDK
    - YandexMobileMetrica
    - YandexMoneyCoreApi

EXTERNAL SOURCES:
  YandexCheckoutPayments:
    :git: https://github.com/yandex-money/yandex-checkout-payments-swift.git
    :tag: 3.5.0

CHECKOUT OPTIONS:
  YandexCheckoutPayments:
    :git: https://github.com/yandex-money/yandex-checkout-payments-swift.git
    :tag: 3.5.0

SPEC CHECKSUMS:
  Alamofire: 85e8a02c69d6020a0d734f6054870d7ecb75cf18
  ChameleonFramework: d21a3cc247abfe5e37609a283a8238b03575cf64
  FunctionalSwift: 8ac888d5c2f2c0ce6bf7d48daea1408a8bfdd864
  Realm: 31dc40934081ef740f60feedc46d88473cbfeb40
  RealmSwift: b5199e9a41f67b99f51acf6874a6166f5fbe93d1
  SDWebImage: 4d5c027c935438f341ed33dbac53ff9f479922ca
  SVProgressHUD: 1428aafac632c1f86f62aa4243ec12008d7a51d6
  SwiftyJSON: 36413e04c44ee145039d332b4f4e2d3e8d6c4db7
  SwiftyXML: 6ccebc5162ff1d524f013cee72a2bd681d79316d
  When: 4ffc88d535a094ad4bd5eaf2fd187de747e716d1
  YandexCheckoutPayments: fe888ebd8523848ca83fc51dca10d399e0c163f1
  YandexCheckoutPaymentsApi: fbe102bbfbab08a83da1a428a37f3d4b4bc1c28e
  YandexCheckoutShowcaseApi: 44382163176b3a53692fa1c3b85c0c8d0a82b7e6
  YandexCheckoutWalletApi: 5d2774cd1216ee0ce47d6412184008b37caeaeac
  YandexLoginSDK: cd407482207b4b7da75c5f7d7fd2fdd6a604c325
  YandexMobileMetrica: 95e93ee5af38520c9e470533dc8df6cf72fa171d
  YandexMoneyCoreApi: 3d9364913ee91bf3f453d75c9d10fef3ccc9dc4f

PODFILE CHECKSUM: 9494a93fa48f0891508829bea9166aebf848fe95

COCOAPODS: 1.8.4
