// !$*UTF8*$!
{
	archiveVersion = 1;
	classes = {
	};
	objectVersion = 51;
	objects = {

/* Begin PBXBuildFile section */
		6C46D9A8F9C21C9C4C0E2F7C /* Pods_Skyline_Cinema.framework in Frameworks */ = {isa = PBXBuildFile; fileRef = 2356869ACE33E7BC1D3CE479 /* Pods_Skyline_Cinema.framework */; };
		AA18118E22AE0699000E1024 /* AppDelegate.swift in Sources */ = {isa = PBXBuildFile; fileRef = AA18118D22AE0699000E1024 /* AppDelegate.swift */; };
		AA18119022AE0699000E1024 /* ViewController.swift in Sources */ = {isa = PBXBuildFile; fileRef = AA18118F22AE0699000E1024 /* ViewController.swift */; };
		AA18119322AE0699000E1024 /* Main.storyboard in Resources */ = {isa = PBXBuildFile; fileRef = AA18119122AE0699000E1024 /* Main.storyboard */; };
		AA18119522AE069A000E1024 /* Assets.xcassets in Resources */ = {isa = PBXBuildFile; fileRef = AA18119422AE069A000E1024 /* Assets.xcassets */; };
		AA18119822AE069A000E1024 /* LaunchScreen.storyboard in Resources */ = {isa = PBXBuildFile; fileRef = AA18119622AE069A000E1024 /* LaunchScreen.storyboard */; };
		AA46AD1B230BB8AD00FCC3C5 /* Order.swift in Sources */ = {isa = PBXBuildFile; fileRef = AA46AD1A230BB8AD00FCC3C5 /* Order.swift */; };
		AA46AD1D230BB8BB00FCC3C5 /* Item.swift in Sources */ = {isa = PBXBuildFile; fileRef = AA46AD1C230BB8BA00FCC3C5 /* Item.swift */; };
		AA6E377F22E1634F0021273D /* CustomCell.swift in Sources */ = {isa = PBXBuildFile; fileRef = AA6E377D22E1634F0021273D /* CustomCell.swift */; };
		AA6E378022E1634F0021273D /* CustomCell.xib in Resources */ = {isa = PBXBuildFile; fileRef = AA6E377E22E1634F0021273D /* CustomCell.xib */; };
		AA7FA84B23C766F000DB25B7 /* ItemCartWrapper.swift in Sources */ = {isa = PBXBuildFile; fileRef = AA7FA84A23C766F000DB25B7 /* ItemCartWrapper.swift */; };
		AA8EAEC823A226CC00F062C6 /* DateUtils.swift in Sources */ = {isa = PBXBuildFile; fileRef = AA8EAEC723A226CC00F062C6 /* DateUtils.swift */; };
		AA8EAECA23A22DD900F062C6 /* CartTableViewController.swift in Sources */ = {isa = PBXBuildFile; fileRef = AA8EAEC923A22DD900F062C6 /* CartTableViewController.swift */; };
		AA8EAED323A238DB00F062C6 /* CartTableViewCell.swift in Sources */ = {isa = PBXBuildFile; fileRef = AA8EAED123A238DB00F062C6 /* CartTableViewCell.swift */; };
		AA8EAED423A238DB00F062C6 /* CartTableViewCell.xib in Resources */ = {isa = PBXBuildFile; fileRef = AA8EAED223A238DB00F062C6 /* CartTableViewCell.xib */; };
		AAA6DB1C22CC5DCD0033C6CF /* PopcornViewController.swift in Sources */ = {isa = PBXBuildFile; fileRef = AAA6DB1B22CC5DCD0033C6CF /* PopcornViewController.swift */; };
/* End PBXBuildFile section */

/* Begin PBXFileReference section */
		2356869ACE33E7BC1D3CE479 /* Pods_Skyline_Cinema.framework */ = {isa = PBXFileReference; explicitFileType = wrapper.framework; includeInIndex = 0; path = Pods_Skyline_Cinema.framework; sourceTree = BUILT_PRODUCTS_DIR; };
		8BBA247B920A2E2A26878372 /* Pods-Skyline Cinema.release.xcconfig */ = {isa = PBXFileReference; includeInIndex = 1; lastKnownFileType = text.xcconfig; name = "Pods-Skyline Cinema.release.xcconfig"; path = "Target Support Files/Pods-Skyline Cinema/Pods-Skyline Cinema.release.xcconfig"; sourceTree = "<group>"; };
		9F71FB9CD3D9E7C840ED5BA9 /* Pods-Skyline Cinema.debug.xcconfig */ = {isa = PBXFileReference; includeInIndex = 1; lastKnownFileType = text.xcconfig; name = "Pods-Skyline Cinema.debug.xcconfig"; path = "Target Support Files/Pods-Skyline Cinema/Pods-Skyline Cinema.debug.xcconfig"; sourceTree = "<group>"; };
		AA18118A22AE0699000E1024 /* Skyline Cinema.app */ = {isa = PBXFileReference; explicitFileType = wrapper.application; includeInIndex = 0; path = "Skyline Cinema.app"; sourceTree = BUILT_PRODUCTS_DIR; };
		AA18118D22AE0699000E1024 /* AppDelegate.swift */ = {isa = PBXFileReference; lastKnownFileType = sourcecode.swift; path = AppDelegate.swift; sourceTree = "<group>"; };
		AA18118F22AE0699000E1024 /* ViewController.swift */ = {isa = PBXFileReference; lastKnownFileType = sourcecode.swift; path = ViewController.swift; sourceTree = "<group>"; };
		AA18119222AE0699000E1024 /* Base */ = {isa = PBXFileReference; lastKnownFileType = file.storyboard; name = Base; path = Base.lproj/Main.storyboard; sourceTree = "<group>"; };
		AA18119422AE069A000E1024 /* Assets.xcassets */ = {isa = PBXFileReference; lastKnownFileType = folder.assetcatalog; path = Assets.xcassets; sourceTree = "<group>"; };
		AA18119722AE069A000E1024 /* Base */ = {isa = PBXFileReference; lastKnownFileType = file.storyboard; name = Base; path = Base.lproj/LaunchScreen.storyboard; sourceTree = "<group>"; };
		AA18119922AE069A000E1024 /* Info.plist */ = {isa = PBXFileReference; lastKnownFileType = text.plist.xml; path = Info.plist; sourceTree = "<group>"; };
		AA46AD1A230BB8AD00FCC3C5 /* Order.swift */ = {isa = PBXFileReference; lastKnownFileType = sourcecode.swift; path = Order.swift; sourceTree = "<group>"; };
		AA46AD1C230BB8BA00FCC3C5 /* Item.swift */ = {isa = PBXFileReference; lastKnownFileType = sourcecode.swift; path = Item.swift; sourceTree = "<group>"; };
		AA6E377D22E1634F0021273D /* CustomCell.swift */ = {isa = PBXFileReference; lastKnownFileType = sourcecode.swift; path = CustomCell.swift; sourceTree = "<group>"; };
		AA6E377E22E1634F0021273D /* CustomCell.xib */ = {isa = PBXFileReference; lastKnownFileType = file.xib; path = CustomCell.xib; sourceTree = "<group>"; };
		AA7FA84A23C766F000DB25B7 /* ItemCartWrapper.swift */ = {isa = PBXFileReference; lastKnownFileType = sourcecode.swift; path = ItemCartWrapper.swift; sourceTree = "<group>"; };
		AA8EAEC723A226CC00F062C6 /* DateUtils.swift */ = {isa = PBXFileReference; lastKnownFileType = sourcecode.swift; path = DateUtils.swift; sourceTree = "<group>"; };
		AA8EAEC923A22DD900F062C6 /* CartTableViewController.swift */ = {isa = PBXFileReference; lastKnownFileType = sourcecode.swift; path = CartTableViewController.swift; sourceTree = "<group>"; };
		AA8EAED123A238DB00F062C6 /* CartTableViewCell.swift */ = {isa = PBXFileReference; lastKnownFileType = sourcecode.swift; path = CartTableViewCell.swift; sourceTree = "<group>"; };
		AA8EAED223A238DB00F062C6 /* CartTableViewCell.xib */ = {isa = PBXFileReference; lastKnownFileType = file.xib; path = CartTableViewCell.xib; sourceTree = "<group>"; };
		AAA6DB1B22CC5DCD0033C6CF /* PopcornViewController.swift */ = {isa = PBXFileReference; lastKnownFileType = sourcecode.swift; path = PopcornViewController.swift; sourceTree = "<group>"; };
/* End PBXFileReference section */

/* Begin PBXFrameworksBuildPhase section */
		AA18118722AE0699000E1024 /* Frameworks */ = {
			isa = PBXFrameworksBuildPhase;
			buildActionMask = 2147483647;
			files = (
				6C46D9A8F9C21C9C4C0E2F7C /* Pods_Skyline_Cinema.framework in Frameworks */,
			);
			runOnlyForDeploymentPostprocessing = 0;
		};
/* End PBXFrameworksBuildPhase section */

/* Begin PBXGroup section */
		0124A0C2E385BCF55E15DC34 /* Frameworks */ = {
			isa = PBXGroup;
			children = (
				2356869ACE33E7BC1D3CE479 /* Pods_Skyline_Cinema.framework */,
			);
			name = Frameworks;
			sourceTree = "<group>";
		};
		9072AFFEE6AC3EDC19C8EF2B /* Pods */ = {
			isa = PBXGroup;
			children = (
				9F71FB9CD3D9E7C840ED5BA9 /* Pods-Skyline Cinema.debug.xcconfig */,
				8BBA247B920A2E2A26878372 /* Pods-Skyline Cinema.release.xcconfig */,
			);
			path = Pods;
			sourceTree = "<group>";
		};
		AA18118122AE0699000E1024 = {
			isa = PBXGroup;
			children = (
				AA18118C22AE0699000E1024 /* Skyline Cinema */,
				AA18118B22AE0699000E1024 /* Products */,
				9072AFFEE6AC3EDC19C8EF2B /* Pods */,
				0124A0C2E385BCF55E15DC34 /* Frameworks */,
			);
			sourceTree = "<group>";
		};
		AA18118B22AE0699000E1024 /* Products */ = {
			isa = PBXGroup;
			children = (
				AA18118A22AE0699000E1024 /* Skyline Cinema.app */,
			);
			name = Products;
			sourceTree = "<group>";
		};
		AA18118C22AE0699000E1024 /* Skyline Cinema */ = {
			isa = PBXGroup;
			children = (
				AA18118D22AE0699000E1024 /* AppDelegate.swift */,
				AA62AA4722E020FE005300FB /* Model */,
				AA62AA4822E02111005300FB /* View */,
				AA62AA4922E0211A005300FB /* Controller */,
				AA18119922AE069A000E1024 /* Info.plist */,
			);
			path = "Skyline Cinema";
			sourceTree = "<group>";
		};
		AA62AA4722E020FE005300FB /* Model */ = {
			isa = PBXGroup;
			children = (
				AA46AD1A230BB8AD00FCC3C5 /* Order.swift */,
				AA46AD1C230BB8BA00FCC3C5 /* Item.swift */,
				AA7FA84A23C766F000DB25B7 /* ItemCartWrapper.swift */,
			);
			path = Model;
			sourceTree = "<group>";
		};
		AA62AA4822E02111005300FB /* View */ = {
			isa = PBXGroup;
			children = (
				AA9B639522E5727700D0875E /* CustomTableViewCell */,
				AA8EAED523A239A100F062C6 /* CartTableViewCell */,
				AA18119622AE069A000E1024 /* LaunchScreen.storyboard */,
				AA18119122AE0699000E1024 /* Main.storyboard */,
				AA18119422AE069A000E1024 /* Assets.xcassets */,
			);
			path = View;
			sourceTree = "<group>";
		};
		AA62AA4922E0211A005300FB /* Controller */ = {
			isa = PBXGroup;
			children = (
				AA18118F22AE0699000E1024 /* ViewController.swift */,
				AAA6DB1B22CC5DCD0033C6CF /* PopcornViewController.swift */,
				AA8EAEC923A22DD900F062C6 /* CartTableViewController.swift */,
				AA8EAEC723A226CC00F062C6 /* DateUtils.swift */,
			);
			path = Controller;
			sourceTree = "<group>";
		};
		AA8EAED523A239A100F062C6 /* CartTableViewCell */ = {
			isa = PBXGroup;
			children = (
				AA8EAED123A238DB00F062C6 /* CartTableViewCell.swift */,
				AA8EAED223A238DB00F062C6 /* CartTableViewCell.xib */,
			);
			path = CartTableViewCell;
			sourceTree = "<group>";
		};
		AA9B639522E5727700D0875E /* CustomTableViewCell */ = {
			isa = PBXGroup;
			children = (
				AA6E377D22E1634F0021273D /* CustomCell.swift */,
				AA6E377E22E1634F0021273D /* CustomCell.xib */,
			);
			path = CustomTableViewCell;
			sourceTree = "<group>";
		};
/* End PBXGroup section */

/* Begin PBXNativeTarget section */
		AA18118922AE0699000E1024 /* Skyline Cinema */ = {
			isa = PBXNativeTarget;
			buildConfigurationList = AA18119C22AE069A000E1024 /* Build configuration list for PBXNativeTarget "Skyline Cinema" */;
			buildPhases = (
				7AFD04219AD2AC70C7364855 /* [CP] Check Pods Manifest.lock */,
				AA18118622AE0699000E1024 /* Sources */,
				AA18118722AE0699000E1024 /* Frameworks */,
				AA18118822AE0699000E1024 /* Resources */,
				D6D180612F1CD23395BF221F /* [CP] Embed Pods Frameworks */,
			);
			buildRules = (
			);
			dependencies = (
			);
			name = "Skyline Cinema";
			productName = "Skyline Cinema";
			productReference = AA18118A22AE0699000E1024 /* Skyline Cinema.app */;
			productType = "com.apple.product-type.application";
		};
/* End PBXNativeTarget section */

/* Begin PBXProject section */
		AA18118222AE0699000E1024 /* Project object */ = {
			isa = PBXProject;
			attributes = {
				LastSwiftUpdateCheck = 1020;
				LastUpgradeCheck = 1020;
				ORGANIZATIONNAME = "Evgeniy Uskov";
				TargetAttributes = {
					AA18118922AE0699000E1024 = {
						CreatedOnToolsVersion = 10.2.1;
					};
				};
			};
			buildConfigurationList = AA18118522AE0699000E1024 /* Build configuration list for PBXProject "Skyline Cinema" */;
			compatibilityVersion = "Xcode 9.3";
			developmentRegion = en;
			hasScannedForEncodings = 0;
			knownRegions = (
				en,
				Base,
			);
			mainGroup = AA18118122AE0699000E1024;
			productRefGroup = AA18118B22AE0699000E1024 /* Products */;
			projectDirPath = "";
			projectRoot = "";
			targets = (
				AA18118922AE0699000E1024 /* Skyline Cinema */,
			);
		};
/* End PBXProject section */

/* Begin PBXResourcesBuildPhase section */
		AA18118822AE0699000E1024 /* Resources */ = {
			isa = PBXResourcesBuildPhase;
			buildActionMask = 2147483647;
			files = (
				AA8EAED423A238DB00F062C6 /* CartTableViewCell.xib in Resources */,
				AA18119822AE069A000E1024 /* LaunchScreen.storyboard in Resources */,
				AA18119522AE069A000E1024 /* Assets.xcassets in Resources */,
				AA6E378022E1634F0021273D /* CustomCell.xib in Resources */,
				AA18119322AE0699000E1024 /* Main.storyboard in Resources */,
			);
			runOnlyForDeploymentPostprocessing = 0;
		};
/* End PBXResourcesBuildPhase section */

/* Begin PBXShellScriptBuildPhase section */
		7AFD04219AD2AC70C7364855 /* [CP] Check Pods Manifest.lock */ = {
			isa = PBXShellScriptBuildPhase;
			buildActionMask = 2147483647;
			files = (
			);
			inputFileListPaths = (
			);
			inputPaths = (
				"${PODS_PODFILE_DIR_PATH}/Podfile.lock",
				"${PODS_ROOT}/Manifest.lock",
			);
			name = "[CP] Check Pods Manifest.lock";
			outputFileListPaths = (
			);
			outputPaths = (
				"$(DERIVED_FILE_DIR)/Pods-Skyline Cinema-checkManifestLockResult.txt",
			);
			runOnlyForDeploymentPostprocessing = 0;
			shellPath = /bin/sh;
			shellScript = "diff \"${PODS_PODFILE_DIR_PATH}/Podfile.lock\" \"${PODS_ROOT}/Manifest.lock\" > /dev/null\nif [ $? != 0 ] ; then\n    # print error to STDERR\n    echo \"error: The sandbox is not in sync with the Podfile.lock. Run 'pod install' or update your CocoaPods installation.\" >&2\n    exit 1\nfi\n# This output is used by Xcode 'outputs' to avoid re-running this script phase.\necho \"SUCCESS\" > \"${SCRIPT_OUTPUT_FILE_0}\"\n";
			showEnvVarsInLog = 0;
		};
		D6D180612F1CD23395BF221F /* [CP] Embed Pods Frameworks */ = {
			isa = PBXShellScriptBuildPhase;
			buildActionMask = 2147483647;
			files = (
			);
			inputFileListPaths = (
				"${PODS_ROOT}/Target Support Files/Pods-Skyline Cinema/Pods-Skyline Cinema-frameworks-${CONFIGURATION}-input-files.xcfilelist",
			);
			name = "[CP] Embed Pods Frameworks";
			outputFileListPaths = (
				"${PODS_ROOT}/Target Support Files/Pods-Skyline Cinema/Pods-Skyline Cinema-frameworks-${CONFIGURATION}-output-files.xcfilelist",
			);
			runOnlyForDeploymentPostprocessing = 0;
			shellPath = /bin/sh;
			shellScript = "\"${PODS_ROOT}/Target Support Files/Pods-Skyline Cinema/Pods-Skyline Cinema-frameworks.sh\"\n";
			showEnvVarsInLog = 0;
		};
/* End PBXShellScriptBuildPhase section */

/* Begin PBXSourcesBuildPhase section */
		AA18118622AE0699000E1024 /* Sources */ = {
			isa = PBXSourcesBuildPhase;
			buildActionMask = 2147483647;
			files = (
				AA7FA84B23C766F000DB25B7 /* ItemCartWrapper.swift in Sources */,
				AA46AD1B230BB8AD00FCC3C5 /* Order.swift in Sources */,
				AA8EAECA23A22DD900F062C6 /* CartTableViewController.swift in Sources */,
				AAA6DB1C22CC5DCD0033C6CF /* PopcornViewController.swift in Sources */,
				AA8EAED323A238DB00F062C6 /* CartTableViewCell.swift in Sources */,
				AA18119022AE0699000E1024 /* ViewController.swift in Sources */,
				AA6E377F22E1634F0021273D /* CustomCell.swift in Sources */,
				AA8EAEC823A226CC00F062C6 /* DateUtils.swift in Sources */,
				AA46AD1D230BB8BB00FCC3C5 /* Item.swift in Sources */,
				AA18118E22AE0699000E1024 /* AppDelegate.swift in Sources */,
			);
			runOnlyForDeploymentPostprocessing = 0;
		};
/* End PBXSourcesBuildPhase section */

/* Begin PBXVariantGroup section */
		AA18119122AE0699000E1024 /* Main.storyboard */ = {
			isa = PBXVariantGroup;
			children = (
				AA18119222AE0699000E1024 /* Base */,
			);
			name = Main.storyboard;
			sourceTree = "<group>";
		};
		AA18119622AE069A000E1024 /* LaunchScreen.storyboard */ = {
			isa = PBXVariantGroup;
			children = (
				AA18119722AE069A000E1024 /* Base */,
			);
			name = LaunchScreen.storyboard;
			sourceTree = "<group>";
		};
/* End PBXVariantGroup section */

/* Begin XCBuildConfiguration section */
		AA18119A22AE069A000E1024 /* Debug */ = {
			isa = XCBuildConfiguration;
			buildSettings = {
				ALWAYS_SEARCH_USER_PATHS = NO;
				CLANG_ANALYZER_NONNULL = YES;
				CLANG_ANALYZER_NUMBER_OBJECT_CONVERSION = YES_AGGRESSIVE;
				CLANG_CXX_LANGUAGE_STANDARD = "gnu++14";
				CLANG_CXX_LIBRARY = "libc++";
				CLANG_ENABLE_MODULES = YES;
				CLANG_ENABLE_OBJC_ARC = YES;
				CLANG_ENABLE_OBJC_WEAK = YES;
				CLANG_WARN_BLOCK_CAPTURE_AUTORELEASING = YES;
				CLANG_WARN_BOOL_CONVERSION = YES;
				CLANG_WARN_COMMA = YES;
				CLANG_WARN_CONSTANT_CONVERSION = YES;
				CLANG_WARN_DEPRECATED_OBJC_IMPLEMENTATIONS = YES;
				CLANG_WARN_DIRECT_OBJC_ISA_USAGE = YES_ERROR;
				CLANG_WARN_DOCUMENTATION_COMMENTS = YES;
				CLANG_WARN_EMPTY_BODY = YES;
				CLANG_WARN_ENUM_CONVERSION = YES;
				CLANG_WARN_INFINITE_RECURSION = YES;
				CLANG_WARN_INT_CONVERSION = YES;
				CLANG_WARN_NON_LITERAL_NULL_CONVERSION = YES;
				CLANG_WARN_OBJC_IMPLICIT_RETAIN_SELF = YES;
				CLANG_WARN_OBJC_LITERAL_CONVERSION = YES;
				CLANG_WARN_OBJC_ROOT_CLASS = YES_ERROR;
				CLANG_WARN_RANGE_LOOP_ANALYSIS = YES;
				CLANG_WARN_STRICT_PROTOTYPES = YES;
				CLANG_WARN_SUSPICIOUS_MOVE = YES;
				CLANG_WARN_UNGUARDED_AVAILABILITY = YES_AGGRESSIVE;
				CLANG_WARN_UNREACHABLE_CODE = YES;
				CLANG_WARN__DUPLICATE_METHOD_MATCH = YES;
				CODE_SIGN_IDENTITY = "iPhone Developer";
				COPY_PHASE_STRIP = NO;
				DEBUG_INFORMATION_FORMAT = dwarf;
				ENABLE_STRICT_OBJC_MSGSEND = YES;
				ENABLE_TESTABILITY = YES;
				GCC_C_LANGUAGE_STANDARD = gnu11;
				GCC_DYNAMIC_NO_PIC = NO;
				GCC_NO_COMMON_BLOCKS = YES;
				GCC_OPTIMIZATION_LEVEL = 0;
				GCC_PREPROCESSOR_DEFINITIONS = (
					"DEBUG=1",
					"$(inherited)",
				);
				GCC_WARN_64_TO_32_BIT_CONVERSION = YES;
				GCC_WARN_ABOUT_RETURN_TYPE = YES_ERROR;
				GCC_WARN_UNDECLARED_SELECTOR = YES;
				GCC_WARN_UNINITIALIZED_AUTOS = YES_AGGRESSIVE;
				GCC_WARN_UNUSED_FUNCTION = YES;
				GCC_WARN_UNUSED_VARIABLE = YES;
				IPHONEOS_DEPLOYMENT_TARGET = 12.2;
				MTL_ENABLE_DEBUG_INFO = INCLUDE_SOURCE;
				MTL_FAST_MATH = YES;
				ONLY_ACTIVE_ARCH = YES;
				SDKROOT = iphoneos;
				SWIFT_ACTIVE_COMPILATION_CONDITIONS = DEBUG;
				SWIFT_OPTIMIZATION_LEVEL = "-Onone";
			};
			name = Debug;
		};
		AA18119B22AE069A000E1024 /* Release */ = {
			isa = XCBuildConfiguration;
			buildSettings = {
				ALWAYS_SEARCH_USER_PATHS = NO;
				CLANG_ANALYZER_NONNULL = YES;
				CLANG_ANALYZER_NUMBER_OBJECT_CONVERSION = YES_AGGRESSIVE;
				CLANG_CXX_LANGUAGE_STANDARD = "gnu++14";
				CLANG_CXX_LIBRARY = "libc++";
				CLANG_ENABLE_MODULES = YES;
				CLANG_ENABLE_OBJC_ARC = YES;
				CLANG_ENABLE_OBJC_WEAK = YES;
				CLANG_WARN_BLOCK_CAPTURE_AUTORELEASING = YES;
				CLANG_WARN_BOOL_CONVERSION = YES;
				CLANG_WARN_COMMA = YES;
				CLANG_WARN_CONSTANT_CONVERSION = YES;
				CLANG_WARN_DEPRECATED_OBJC_IMPLEMENTATIONS = YES;
				CLANG_WARN_DIRECT_OBJC_ISA_USAGE = YES_ERROR;
				CLANG_WARN_DOCUMENTATION_COMMENTS = YES;
				CLANG_WARN_EMPTY_BODY = YES;
				CLANG_WARN_ENUM_CONVERSION = YES;
				CLANG_WARN_INFINITE_RECURSION = YES;
				CLANG_WARN_INT_CONVERSION = YES;
				CLANG_WARN_NON_LITERAL_NULL_CONVERSION = YES;
				CLANG_WARN_OBJC_IMPLICIT_RETAIN_SELF = YES;
				CLANG_WARN_OBJC_LITERAL_CONVERSION = YES;
				CLANG_WARN_OBJC_ROOT_CLASS = YES_ERROR;
				CLANG_WARN_RANGE_LOOP_ANALYSIS = YES;
				CLANG_WARN_STRICT_PROTOTYPES = YES;
				CLANG_WARN_SUSPICIOUS_MOVE = YES;
				CLANG_WARN_UNGUARDED_AVAILABILITY = YES_AGGRESSIVE;
				CLANG_WARN_UNREACHABLE_CODE = YES;
				CLANG_WARN__DUPLICATE_METHOD_MATCH = YES;
				CODE_SIGN_IDENTITY = "iPhone Developer";
				COPY_PHASE_STRIP = NO;
				DEBUG_INFORMATION_FORMAT = "dwarf-with-dsym";
				ENABLE_NS_ASSERTIONS = NO;
				ENABLE_STRICT_OBJC_MSGSEND = YES;
				GCC_C_LANGUAGE_STANDARD = gnu11;
				GCC_NO_COMMON_BLOCKS = YES;
				GCC_WARN_64_TO_32_BIT_CONVERSION = YES;
				GCC_WARN_ABOUT_RETURN_TYPE = YES_ERROR;
				GCC_WARN_UNDECLARED_SELECTOR = YES;
				GCC_WARN_UNINITIALIZED_AUTOS = YES_AGGRESSIVE;
				GCC_WARN_UNUSED_FUNCTION = YES;
				GCC_WARN_UNUSED_VARIABLE = YES;
				IPHONEOS_DEPLOYMENT_TARGET = 12.2;
				MTL_ENABLE_DEBUG_INFO = NO;
				MTL_FAST_MATH = YES;
				SDKROOT = iphoneos;
				SWIFT_COMPILATION_MODE = wholemodule;
				SWIFT_OPTIMIZATION_LEVEL = "-O";
				VALIDATE_PRODUCT = YES;
			};
			name = Release;
		};
		AA18119D22AE069A000E1024 /* Debug */ = {
			isa = XCBuildConfiguration;
			baseConfigurationReference = 9F71FB9CD3D9E7C840ED5BA9 /* Pods-Skyline Cinema.debug.xcconfig */;
			buildSettings = {
				ASSETCATALOG_COMPILER_APPICON_NAME = AppIcon;
				CODE_SIGN_STYLE = Automatic;
				DEVELOPMENT_TEAM = CA72R6B357;
				INFOPLIST_FILE = "Skyline Cinema/Info.plist";
				LD_RUNPATH_SEARCH_PATHS = (
					"$(inherited)",
					"@executable_path/Frameworks",
				);
				PRODUCT_BUNDLE_IDENTIFIER = "com.evgeniy-uskov.Skyline-Cinema";
				PRODUCT_NAME = "$(TARGET_NAME)";
				SWIFT_VERSION = 5.0;
				TARGETED_DEVICE_FAMILY = "1,2";
			};
			name = Debug;
		};
		AA18119E22AE069A000E1024 /* Release */ = {
			isa = XCBuildConfiguration;
			baseConfigurationReference = 8BBA247B920A2E2A26878372 /* Pods-Skyline Cinema.release.xcconfig */;
			buildSettings = {
				ASSETCATALOG_COMPILER_APPICON_NAME = AppIcon;
				CODE_SIGN_STYLE = Automatic;
				DEVELOPMENT_TEAM = CA72R6B357;
				INFOPLIST_FILE = "Skyline Cinema/Info.plist";
				LD_RUNPATH_SEARCH_PATHS = (
					"$(inherited)",
					"@executable_path/Frameworks",
				);
				PRODUCT_BUNDLE_IDENTIFIER = "com.evgeniy-uskov.Skyline-Cinema";
				PRODUCT_NAME = "$(TARGET_NAME)";
				SWIFT_VERSION = 5.0;
				TARGETED_DEVICE_FAMILY = "1,2";
			};
			name = Release;
		};
/* End XCBuildConfiguration section */

/* Begin XCConfigurationList section */
		AA18118522AE0699000E1024 /* Build configuration list for PBXProject "Skyline Cinema" */ = {
			isa = XCConfigurationList;
			buildConfigurations = (
				AA18119A22AE069A000E1024 /* Debug */,
				AA18119B22AE069A000E1024 /* Release */,
			);
			defaultConfigurationIsVisible = 0;
			defaultConfigurationName = Release;
		};
		AA18119C22AE069A000E1024 /* Build configuration list for PBXNativeTarget "Skyline Cinema" */ = {
			isa = XCConfigurationList;
			buildConfigurations = (
				AA18119D22AE069A000E1024 /* Debug */,
				AA18119E22AE069A000E1024 /* Release */,
			);
			defaultConfigurationIsVisible = 0;
			defaultConfigurationName = Release;
		};
/* End XCConfigurationList section */
	};
	rootObject = AA18118222AE0699000E1024 /* Project object */;
}
